
Microsoft Visual Studio Solution File, Format Version 12.00
# Visual Studio Version 16
VisualStudioVersion = 16.0.808.4
MinimumVisualStudioVersion = 10.0.40219.1
Project("{FAE04EC0-301F-11D3-BF4B-00C04F79EFBC}") = "MyFirstMVCApp", "MyFirstMVCApp.csproj", "{BCE15173-570B-400D-8E09-3087AD1A2724}"
EndProject
Global
	GlobalSection(SolutionConfigurationPlatforms) = preSolution
		Debug|Any CPU = Debug|Any CPU
		Release|Any CPU = Release|Any CPU
	EndGlobalSection
	GlobalSection(ProjectConfigurationPlatforms) = postSolution
		{BCE15173-570B-400D-8E09-3087AD1A2724}.Debug|Any CPU.ActiveCfg = Debug|Any CPU
		{BCE15173-570B-400D-8E09-3087AD1A2724}.Debug|Any CPU.Build.0 = Debug|Any CPU
		{BCE15173-570B-400D-8E09-3087AD1A2724}.Release|Any CPU.ActiveCfg = Release|Any CPU
		{BCE15173-570B-400D-8E09-3087AD1A2724}.Release|Any CPU.Build.0 = Release|Any CPU
	EndGlobalSection
	GlobalSection(SolutionProperties) = preSolution
		HideSolutionNode = FALSE
	EndGlobalSection
	GlobalSection(ExtensibilityGlobals) = postSolution
		SolutionGuid = {61BACF4B-CE34-41C4-B507-FB7CBD89E0E8}
	EndGlobalSection
EndGlobal
